
Microsoft Visual Studio Solution File, Format Version 12.00
# Visual Studio 15
VisualStudioVersion = 15.0.26206.0
MinimumVisualStudioVersion = 10.0.40219.1
Project("{FAE04EC0-301F-11D3-BF4B-00C04F79EFBC}") = "CreateCateringData", "CreateCateringData\CreateCateringData.csproj", "{7D027092-D2A6-4A61-B64B-501A3A95577E}"
EndProject
Project("{FAE04EC0-301F-11D3-BF4B-00C04F79EFBC}") = "Catering.Common", "Catering.Common\Catering.Common.csproj", "{3D10F63F-3AA0-4296-BA09-AAB1625C8258}"
EndProject
Project("{2150E333-8FDC-42A3-9474-1A3956D46DE8}") = "DataService", "DataService", "{A27AF416-C036-44A9-AAD5-EA96554BC677}"
EndProject
Project("{FAE04EC0-301F-11D3-BF4B-00C04F79EFBC}") = "MeetingService", "..\..\MeetingService\MeetingService.csproj", "{15AFDFEC-2D63-4EC6-B498-61BE82B2F152}"
EndProject
Project("{FAE04EC0-301F-11D3-BF4B-00C04F79EFBC}") = "Catering.Data.MeetingServiceClient", "Catering.Data.MeetingServiceClient\Catering.Data.MeetingServiceClient.csproj", "{1A6D4BEC-4C8D-48C5-8AFC-7C2270EB2BD8}"
EndProject
Project("{FAE04EC0-301F-11D3-BF4B-00C04F79EFBC}") = "Catering.Business", "Catering.Business\Catering.Business.csproj", "{7C948038-7A5A-4874-B639-A0C51773F0D5}"
EndProject
Project("{FAE04EC0-301F-11D3-BF4B-00C04F79EFBC}") = "Catering.Business.Strategy", "Catering.Business.Strategy\Catering.Business.Strategy.csproj", "{5E00B01D-F7CD-4A61-86DB-5625DAEE53B8}"
EndProject
Project("{2150E333-8FDC-42A3-9474-1A3956D46DE8}") = "Dependencies", "Dependencies", "{046F821E-C74C-4E3F-9B45-206DB20AF691}"
EndProject
Global
	GlobalSection(SolutionConfigurationPlatforms) = preSolution
		Debug|Any CPU = Debug|Any CPU
		Release|Any CPU = Release|Any CPU
	EndGlobalSection
	GlobalSection(ProjectConfigurationPlatforms) = postSolution
		{7D027092-D2A6-4A61-B64B-501A3A95577E}.Debug|Any CPU.ActiveCfg = Debug|Any CPU
		{7D027092-D2A6-4A61-B64B-501A3A95577E}.Debug|Any CPU.Build.0 = Debug|Any CPU
		{7D027092-D2A6-4A61-B64B-501A3A95577E}.Release|Any CPU.ActiveCfg = Release|Any CPU
		{7D027092-D2A6-4A61-B64B-501A3A95577E}.Release|Any CPU.Build.0 = Release|Any CPU
		{3D10F63F-3AA0-4296-BA09-AAB1625C8258}.Debug|Any CPU.ActiveCfg = Debug|Any CPU
		{3D10F63F-3AA0-4296-BA09-AAB1625C8258}.Debug|Any CPU.Build.0 = Debug|Any CPU
		{3D10F63F-3AA0-4296-BA09-AAB1625C8258}.Release|Any CPU.ActiveCfg = Release|Any CPU
		{3D10F63F-3AA0-4296-BA09-AAB1625C8258}.Release|Any CPU.Build.0 = Release|Any CPU
		{15AFDFEC-2D63-4EC6-B498-61BE82B2F152}.Debug|Any CPU.ActiveCfg = Debug|Any CPU
		{15AFDFEC-2D63-4EC6-B498-61BE82B2F152}.Debug|Any CPU.Build.0 = Debug|Any CPU
		{15AFDFEC-2D63-4EC6-B498-61BE82B2F152}.Release|Any CPU.ActiveCfg = Release|Any CPU
		{15AFDFEC-2D63-4EC6-B498-61BE82B2F152}.Release|Any CPU.Build.0 = Release|Any CPU
		{1A6D4BEC-4C8D-48C5-8AFC-7C2270EB2BD8}.Debug|Any CPU.ActiveCfg = Debug|Any CPU
		{1A6D4BEC-4C8D-48C5-8AFC-7C2270EB2BD8}.Debug|Any CPU.Build.0 = Debug|Any CPU
		{1A6D4BEC-4C8D-48C5-8AFC-7C2270EB2BD8}.Release|Any CPU.ActiveCfg = Release|Any CPU
		{1A6D4BEC-4C8D-48C5-8AFC-7C2270EB2BD8}.Release|Any CPU.Build.0 = Release|Any CPU
		{7C948038-7A5A-4874-B639-A0C51773F0D5}.Debug|Any CPU.ActiveCfg = Debug|Any CPU
		{7C948038-7A5A-4874-B639-A0C51773F0D5}.Debug|Any CPU.Build.0 = Debug|Any CPU
		{7C948038-7A5A-4874-B639-A0C51773F0D5}.Release|Any CPU.ActiveCfg = Release|Any CPU
		{7C948038-7A5A-4874-B639-A0C51773F0D5}.Release|Any CPU.Build.0 = Release|Any CPU
		{5E00B01D-F7CD-4A61-86DB-5625DAEE53B8}.Debug|Any CPU.ActiveCfg = Debug|Any CPU
		{5E00B01D-F7CD-4A61-86DB-5625DAEE53B8}.Debug|Any CPU.Build.0 = Debug|Any CPU
		{5E00B01D-F7CD-4A61-86DB-5625DAEE53B8}.Release|Any CPU.ActiveCfg = Release|Any CPU
		{5E00B01D-F7CD-4A61-86DB-5625DAEE53B8}.Release|Any CPU.Build.0 = Release|Any CPU
	EndGlobalSection
	GlobalSection(SolutionProperties) = preSolution
		HideSolutionNode = FALSE
	EndGlobalSection
	GlobalSection(NestedProjects) = preSolution
		{15AFDFEC-2D63-4EC6-B498-61BE82B2F152} = {A27AF416-C036-44A9-AAD5-EA96554BC677}
		{1A6D4BEC-4C8D-48C5-8AFC-7C2270EB2BD8} = {046F821E-C74C-4E3F-9B45-206DB20AF691}
		{7C948038-7A5A-4874-B639-A0C51773F0D5} = {046F821E-C74C-4E3F-9B45-206DB20AF691}
		{5E00B01D-F7CD-4A61-86DB-5625DAEE53B8} = {046F821E-C74C-4E3F-9B45-206DB20AF691}
	EndGlobalSection
EndGlobal
